
Microsoft Visual Studio Solution File, Format Version 12.00
# Visual Studio Version 16
VisualStudioVersion = 16.0.29521.150
MinimumVisualStudioVersion = 10.0.40219.1
Project("{FAE04EC0-301F-11D3-BF4B-00C04F79EFBC}") = "GitHubProfileLoader", "GitHubProfileLoader\GitHubProfileLoader.csproj", "{A298940C-8B87-48D6-B9EA-99721A3B038F}"
EndProject
Global
	GlobalSection(SolutionConfigurationPlatforms) = preSolution
		Debug|Any CPU = Debug|Any CPU
		Release|Any CPU = Release|Any CPU
	EndGlobalSection
	GlobalSection(ProjectConfigurationPlatforms) = postSolution
		{A298940C-8B87-48D6-B9EA-99721A3B038F}.Debug|Any CPU.ActiveCfg = Debug|Any CPU
		{A298940C-8B87-48D6-B9EA-99721A3B038F}.Debug|Any CPU.Build.0 = Debug|Any CPU
		{A298940C-8B87-48D6-B9EA-99721A3B038F}.Release|Any CPU.ActiveCfg = Release|Any CPU
		{A298940C-8B87-48D6-B9EA-99721A3B038F}.Release|Any CPU.Build.0 = Release|Any CPU
	EndGlobalSection
	GlobalSection(SolutionProperties) = preSolution
		HideSolutionNode = FALSE
	EndGlobalSection
	GlobalSection(ExtensibilityGlobals) = postSolution
		SolutionGuid = {D0948FC5-67F5-470C-A99A-11899EC0CA6C}
	EndGlobalSection
EndGlobal
